
Microsoft Visual Studio Solution File, Format Version 12.00
# Visual Studio 14
VisualStudioVersion = 14.0.25420.1
MinimumVisualStudioVersion = 10.0.40219.1
Project("{FAE04EC0-301F-11D3-BF4B-00C04F79EFBC}") = "TicketingSystem.DB", "TicketingSystem.DB\TicketingSystem.DB.csproj", "{C0F599B1-2D7F-4045-8975-C9567F364328}"
EndProject
Project("{FAE04EC0-301F-11D3-BF4B-00C04F79EFBC}") = "TicketingSystem.Console", "TicketingSystem.Console\TicketingSystem.Console.csproj", "{42D80F56-96B3-4468-8A90-35E715342A97}"
EndProject
Project("{FAE04EC0-301F-11D3-BF4B-00C04F79EFBC}") = "TicketingSystem.Service", "TicketingSystem.Service\TicketingSystem.Service.csproj", "{AC417430-AD18-483F-A8B0-345353940B86}"
	ProjectSection(ProjectDependencies) = postProject
		{C0F599B1-2D7F-4045-8975-C9567F364328} = {C0F599B1-2D7F-4045-8975-C9567F364328}
	EndProjectSection
EndProject
Project("{FAE04EC0-301F-11D3-BF4B-00C04F79EFBC}") = "TicketingSystem.SharePointApp", "TicketingSystem.SharePointApp\TicketingSystem.SharePointApp.csproj", "{D1EFEEAA-5E91-48D7-977A-CAC2C788272B}"
EndProject
Global
	GlobalSection(SolutionConfigurationPlatforms) = preSolution
		Debug|Any CPU = Debug|Any CPU
		Release|Any CPU = Release|Any CPU
	EndGlobalSection
	GlobalSection(ProjectConfigurationPlatforms) = postSolution
		{C0F599B1-2D7F-4045-8975-C9567F364328}.Debug|Any CPU.ActiveCfg = Debug|Any CPU
		{C0F599B1-2D7F-4045-8975-C9567F364328}.Debug|Any CPU.Build.0 = Debug|Any CPU
		{C0F599B1-2D7F-4045-8975-C9567F364328}.Release|Any CPU.ActiveCfg = Release|Any CPU
		{C0F599B1-2D7F-4045-8975-C9567F364328}.Release|Any CPU.Build.0 = Release|Any CPU
		{42D80F56-96B3-4468-8A90-35E715342A97}.Debug|Any CPU.ActiveCfg = Debug|Any CPU
		{42D80F56-96B3-4468-8A90-35E715342A97}.Debug|Any CPU.Build.0 = Debug|Any CPU
		{42D80F56-96B3-4468-8A90-35E715342A97}.Release|Any CPU.ActiveCfg = Release|Any CPU
		{42D80F56-96B3-4468-8A90-35E715342A97}.Release|Any CPU.Build.0 = Release|Any CPU
		{AC417430-AD18-483F-A8B0-345353940B86}.Debug|Any CPU.ActiveCfg = Debug|Any CPU
		{AC417430-AD18-483F-A8B0-345353940B86}.Debug|Any CPU.Build.0 = Debug|Any CPU
		{AC417430-AD18-483F-A8B0-345353940B86}.Release|Any CPU.ActiveCfg = Release|Any CPU
		{AC417430-AD18-483F-A8B0-345353940B86}.Release|Any CPU.Build.0 = Release|Any CPU
		{D1EFEEAA-5E91-48D7-977A-CAC2C788272B}.Debug|Any CPU.ActiveCfg = Debug|Any CPU
		{D1EFEEAA-5E91-48D7-977A-CAC2C788272B}.Debug|Any CPU.Build.0 = Debug|Any CPU
		{D1EFEEAA-5E91-48D7-977A-CAC2C788272B}.Debug|Any CPU.Deploy.0 = Debug|Any CPU
		{D1EFEEAA-5E91-48D7-977A-CAC2C788272B}.Release|Any CPU.ActiveCfg = Release|Any CPU
		{D1EFEEAA-5E91-48D7-977A-CAC2C788272B}.Release|Any CPU.Build.0 = Release|Any CPU
		{D1EFEEAA-5E91-48D7-977A-CAC2C788272B}.Release|Any CPU.Deploy.0 = Release|Any CPU
	EndGlobalSection
	GlobalSection(SolutionProperties) = preSolution
		HideSolutionNode = FALSE
	EndGlobalSection
EndGlobal
